
Microsoft Visual Studio Solution File, Format Version 10.00
# Visual Studio 2008
Project("{8BC9CEB8-8B4A-11D0-8D11-00A0C91BC942}") = "HClient", "HClient.vcproj", "{55C6E031-A0DF-4040-B1A8-52162F05576F}"
EndProject
Global
	GlobalSection(SolutionConfigurationPlatforms) = preSolution
		Debug|Win32 = Debug|Win32
		Release|Win32 = Release|Win32
	EndGlobalSection
	GlobalSection(ProjectConfigurationPlatforms) = postSolution
		{55C6E031-A0DF-4040-B1A8-52162F05576F}.Debug|Win32.ActiveCfg = Debug|Win32
		{55C6E031-A0DF-4040-B1A8-52162F05576F}.Debug|Win32.Build.0 = Debug|Win32
		{55C6E031-A0DF-4040-B1A8-52162F05576F}.Release|Win32.ActiveCfg = Release|Win32
		{55C6E031-A0DF-4040-B1A8-52162F05576F}.Release|Win32.Build.0 = Release|Win32
	EndGlobalSection
	GlobalSection(SolutionProperties) = preSolution
		HideSolutionNode = FALSE
	EndGlobalSection
EndGlobal
